
Microsoft Visual Studio Solution File, Format Version 12.00
# Visual Studio Version 17
VisualStudioVersion = 17.7.34003.232
MinimumVisualStudioVersion = 10.0.40219.1
Project("{FAE04EC0-301F-11D3-BF4B-00C04F79EFBC}") = "slot11", "slot11\slot11.csproj", "{EA4DF6F0-F397-4D97-B9EE-9F10E2190DFB}"
EndProject
Global
	GlobalSection(SolutionConfigurationPlatforms) = preSolution
		Debug|Any CPU = Debug|Any CPU
		Release|Any CPU = Release|Any CPU
	EndGlobalSection
	GlobalSection(ProjectConfigurationPlatforms) = postSolution
		{EA4DF6F0-F397-4D97-B9EE-9F10E2190DFB}.Debug|Any CPU.ActiveCfg = Debug|Any CPU
		{EA4DF6F0-F397-4D97-B9EE-9F10E2190DFB}.Debug|Any CPU.Build.0 = Debug|Any CPU
		{EA4DF6F0-F397-4D97-B9EE-9F10E2190DFB}.Release|Any CPU.ActiveCfg = Release|Any CPU
		{EA4DF6F0-F397-4D97-B9EE-9F10E2190DFB}.Release|Any CPU.Build.0 = Release|Any CPU
	EndGlobalSection
	GlobalSection(SolutionProperties) = preSolution
		HideSolutionNode = FALSE
	EndGlobalSection
	GlobalSection(ExtensibilityGlobals) = postSolution
		SolutionGuid = {DF6C1D26-E8DE-46DB-A2ED-6E09790CE580}
	EndGlobalSection
EndGlobal
